
Microsoft Visual Studio Solution File, Format Version 12.00
# Visual Studio Version 17
VisualStudioVersion = 17.11.35222.181
MinimumVisualStudioVersion = 10.0.40219.1
Project("{FAE04EC0-301F-11D3-BF4B-00C04F79EFBC}") = "Third Class", "Third Class\Third Class.csproj", "{48ED3B23-FF36-4994-858B-1E19F56FC049}"
EndProject
Global
	GlobalSection(SolutionConfigurationPlatforms) = preSolution
		Debug|Any CPU = Debug|Any CPU
		Release|Any CPU = Release|Any CPU
	EndGlobalSection
	GlobalSection(ProjectConfigurationPlatforms) = postSolution
		{48ED3B23-FF36-4994-858B-1E19F56FC049}.Debug|Any CPU.ActiveCfg = Debug|Any CPU
		{48ED3B23-FF36-4994-858B-1E19F56FC049}.Debug|Any CPU.Build.0 = Debug|Any CPU
		{48ED3B23-FF36-4994-858B-1E19F56FC049}.Release|Any CPU.ActiveCfg = Release|Any CPU
		{48ED3B23-FF36-4994-858B-1E19F56FC049}.Release|Any CPU.Build.0 = Release|Any CPU
	EndGlobalSection
	GlobalSection(SolutionProperties) = preSolution
		HideSolutionNode = FALSE
	EndGlobalSection
	GlobalSection(ExtensibilityGlobals) = postSolution
		SolutionGuid = {7AA21D7B-982C-4A0C-9179-1236C68FFC5A}
	EndGlobalSection
EndGlobal
